
Microsoft Visual Studio Solution File, Format Version 12.00
# Visual Studio Version 16
VisualStudioVersion = 16.0.31410.357
MinimumVisualStudioVersion = 10.0.40219.1
Project("{FAE04EC0-301F-11D3-BF4B-00C04F79EFBC}") = "DashBoardUIDraw", "DashBoardUIDraw\DashBoardUIDraw.csproj", "{EAE73527-7157-4BAF-ABE3-57B9D0A03013}"
EndProject
Global
	GlobalSection(SolutionConfigurationPlatforms) = preSolution
		Debug|Any CPU = Debug|Any CPU
		Release|Any CPU = Release|Any CPU
	EndGlobalSection
	GlobalSection(ProjectConfigurationPlatforms) = postSolution
		{EAE73527-7157-4BAF-ABE3-57B9D0A03013}.Debug|Any CPU.ActiveCfg = Debug|Any CPU
		{EAE73527-7157-4BAF-ABE3-57B9D0A03013}.Debug|Any CPU.Build.0 = Debug|Any CPU
		{EAE73527-7157-4BAF-ABE3-57B9D0A03013}.Release|Any CPU.ActiveCfg = Release|Any CPU
		{EAE73527-7157-4BAF-ABE3-57B9D0A03013}.Release|Any CPU.Build.0 = Release|Any CPU
	EndGlobalSection
	GlobalSection(SolutionProperties) = preSolution
		HideSolutionNode = FALSE
	EndGlobalSection
	GlobalSection(ExtensibilityGlobals) = postSolution
		SolutionGuid = {1FAD9706-C210-43DA-9245-7DBE30EFA2BA}
	EndGlobalSection
EndGlobal
